# This file was autogenerated by Stack.
# You should not edit this file by hand.
# For more information, please see the documentation at:
#   https://docs.haskellstack.org/en/stable/lock_files

packages:
- completed:
    hackage: table-layout-0.9.0.1@sha256:0f3ad3220caeecedcd833e95e5b754ae2e4a99cf7d7637a53bdf18c29a50a388,7154
    pantry-tree:
      size: 2216
      sha256: 807ada1c9738cedc0135c41c038ae09b0fcca1cbe2b6b841cf862bd1b95d69d9
  original:
    hackage: table-layout-0.9.0.1
- completed:
    hackage: data-default-instances-base-0.1.0.1@sha256:985a13d7103e45a65f06f277b735ef025636014f0d29dd6de998bc7628e09be9,509
    pantry-tree:
      size: 242
      sha256: 92969ddf22c5f54123fb2bcfbe5917b59a7e6382473b0306bcd8fb7990d9aa1a
  original:
    hackage: data-default-instances-base-0.1.0.1
snapshots:
- completed:
    size: 531237
    url: https://raw.githubusercontent.com/commercialhaskell/stackage-snapshots/master/lts/16/1.yaml
    sha256: 954b6b14b0c8130732cf4773f7ebb4efc9a44600d1a5265d142868bf93462bc6
  original: lts-16.1
